// !$*UTF8*$!
{
	archiveVersion = 1;
	classes = {
	};
	objectVersion = 51;
	objects = {

/* Begin PBXBuildFile section */
		543BE54226D8B1D20028AD50 /* AppDelegate.swift in Sources */ = {isa = PBXBuildFile; fileRef = 543BE54126D8B1D20028AD50 /* AppDelegate.swift */; };
		543BE54426D8B1D20028AD50 /* SceneDelegate.swift in Sources */ = {isa = PBXBuildFile; fileRef = 543BE54326D8B1D20028AD50 /* SceneDelegate.swift */; };
		543BE54626D8B1D20028AD50 /* TopViewController.swift in Sources */ = {isa = PBXBuildFile; fileRef = 543BE54526D8B1D20028AD50 /* TopViewController.swift */; };
		543BE54926D8B1D20028AD50 /* Main.storyboard in Resources */ = {isa = PBXBuildFile; fileRef = 543BE54726D8B1D20028AD50 /* Main.storyboard */; };
		543BE54B26D8B1D30028AD50 /* Assets.xcassets in Resources */ = {isa = PBXBuildFile; fileRef = 543BE54A26D8B1D30028AD50 /* Assets.xcassets */; };
		543BE54E26D8B1D30028AD50 /* LaunchScreen.storyboard in Resources */ = {isa = PBXBuildFile; fileRef = 543BE54C26D8B1D30028AD50 /* LaunchScreen.storyboard */; };
		543BE55A26D8C4A20028AD50 /* LayerFuncGroup.swift in Sources */ = {isa = PBXBuildFile; fileRef = 543BE55926D8C4A20028AD50 /* LayerFuncGroup.swift */; };
		543BE55C26D912160028AD50 /* TabBarViewController.swift in Sources */ = {isa = PBXBuildFile; fileRef = 543BE55B26D912160028AD50 /* TabBarViewController.swift */; };
		543BE55E26DB57EB0028AD50 /* SearchViewController.swift in Sources */ = {isa = PBXBuildFile; fileRef = 543BE55D26DB57EB0028AD50 /* SearchViewController.swift */; };
		543BE56C26DBB7F00028AD50 /* GetCurrentLocationView.xib in Resources */ = {isa = PBXBuildFile; fileRef = 543BE56B26DBB7F00028AD50 /* GetCurrentLocationView.xib */; };
		543BE56E26DBB7FE0028AD50 /* PresentationModel.swift in Sources */ = {isa = PBXBuildFile; fileRef = 543BE56D26DBB7FE0028AD50 /* PresentationModel.swift */; };
		547D5B56271B0CDA00120472 /* CellTapSearchResultView.swift in Sources */ = {isa = PBXBuildFile; fileRef = 547D5B54271B0CDA00120472 /* CellTapSearchResultView.swift */; };
		547D5B57271B0CDA00120472 /* CellTapSearchResultView.xib in Resources */ = {isa = PBXBuildFile; fileRef = 547D5B55271B0CDA00120472 /* CellTapSearchResultView.xib */; };
		54D873D626DE561100C5B334 /* RealmCurrentDatas.swift in Sources */ = {isa = PBXBuildFile; fileRef = 54D873D526DE561100C5B334 /* RealmCurrentDatas.swift */; };
		54D873D826DE57A100C5B334 /* RealmCRUDModel.swift in Sources */ = {isa = PBXBuildFile; fileRef = 54D873D726DE57A100C5B334 /* RealmCRUDModel.swift */; };
		54F05BA626E7944B002E245F /* Alert.swift in Sources */ = {isa = PBXBuildFile; fileRef = 54F05BA526E7944B002E245F /* Alert.swift */; };
		54F05CEC270BF86D002E245F /* ConsentStatementViewController.swift in Sources */ = {isa = PBXBuildFile; fileRef = 54F05CEB270BF86D002E245F /* ConsentStatementViewController.swift */; };
		54F05D322712C2BD002E245F /* GetCurrentLocationView.swift 15-39-55-116.swift in Sources */ = {isa = PBXBuildFile; fileRef = 54F05D312712C2BD002E245F /* GetCurrentLocationView.swift 15-39-55-116.swift */; };
		F211D1966EFD307454821822 /* Pods_RealmCurrentLocation.framework in Frameworks */ = {isa = PBXBuildFile; fileRef = D65E0E881BC175FB482B8FD4 /* Pods_RealmCurrentLocation.framework */; };
/* End PBXBuildFile section */

/* Begin PBXFileReference section */
		01AAEBCCBE677EC91483F4CC /* Pods-RealmCurrentLocation.release.xcconfig */ = {isa = PBXFileReference; includeInIndex = 1; lastKnownFileType = text.xcconfig; name = "Pods-RealmCurrentLocation.release.xcconfig"; path = "Target Support Files/Pods-RealmCurrentLocation/Pods-RealmCurrentLocation.release.xcconfig"; sourceTree = "<group>"; };
		543BE53E26D8B1D20028AD50 /* RealmCurrentLocation.app */ = {isa = PBXFileReference; explicitFileType = wrapper.application; includeInIndex = 0; path = RealmCurrentLocation.app; sourceTree = BUILT_PRODUCTS_DIR; };
		543BE54126D8B1D20028AD50 /* AppDelegate.swift */ = {isa = PBXFileReference; lastKnownFileType = sourcecode.swift; path = AppDelegate.swift; sourceTree = "<group>"; };
		543BE54326D8B1D20028AD50 /* SceneDelegate.swift */ = {isa = PBXFileReference; lastKnownFileType = sourcecode.swift; path = SceneDelegate.swift; sourceTree = "<group>"; };
		543BE54526D8B1D20028AD50 /* TopViewController.swift */ = {isa = PBXFileReference; lastKnownFileType = sourcecode.swift; path = TopViewController.swift; sourceTree = "<group>"; };
		543BE54826D8B1D20028AD50 /* Base */ = {isa = PBXFileReference; lastKnownFileType = file.storyboard; name = Base; path = Base.lproj/Main.storyboard; sourceTree = "<group>"; };
		543BE54A26D8B1D30028AD50 /* Assets.xcassets */ = {isa = PBXFileReference; lastKnownFileType = folder.assetcatalog; path = Assets.xcassets; sourceTree = "<group>"; };
		543BE54D26D8B1D30028AD50 /* Base */ = {isa = PBXFileReference; lastKnownFileType = file.storyboard; name = Base; path = Base.lproj/LaunchScreen.storyboard; sourceTree = "<group>"; };
		543BE54F26D8B1D30028AD50 /* Info.plist */ = {isa = PBXFileReference; lastKnownFileType = text.plist.xml; path = Info.plist; sourceTree = "<group>"; };
		543BE55926D8C4A20028AD50 /* LayerFuncGroup.swift */ = {isa = PBXFileReference; lastKnownFileType = sourcecode.swift; path = LayerFuncGroup.swift; sourceTree = "<group>"; };
		543BE55B26D912160028AD50 /* TabBarViewController.swift */ = {isa = PBXFileReference; lastKnownFileType = sourcecode.swift; path = TabBarViewController.swift; sourceTree = "<group>"; };
		543BE55D26DB57EB0028AD50 /* SearchViewController.swift */ = {isa = PBXFileReference; lastKnownFileType = sourcecode.swift; path = SearchViewController.swift; sourceTree = "<group>"; };
		543BE56B26DBB7F00028AD50 /* GetCurrentLocationView.xib */ = {isa = PBXFileReference; fileEncoding = 4; lastKnownFileType = file.xib; path = GetCurrentLocationView.xib; sourceTree = "<group>"; };
		543BE56D26DBB7FE0028AD50 /* PresentationModel.swift */ = {isa = PBXFileReference; fileEncoding = 4; lastKnownFileType = sourcecode.swift; path = PresentationModel.swift; sourceTree = "<group>"; };
		547D5B54271B0CDA00120472 /* CellTapSearchResultView.swift */ = {isa = PBXFileReference; lastKnownFileType = sourcecode.swift; path = CellTapSearchResultView.swift; sourceTree = "<group>"; };
		547D5B55271B0CDA00120472 /* CellTapSearchResultView.xib */ = {isa = PBXFileReference; lastKnownFileType = file.xib; path = CellTapSearchResultView.xib; sourceTree = "<group>"; };
		54D873D526DE561100C5B334 /* RealmCurrentDatas.swift */ = {isa = PBXFileReference; lastKnownFileType = sourcecode.swift; path = RealmCurrentDatas.swift; sourceTree = "<group>"; };
		54D873D726DE57A100C5B334 /* RealmCRUDModel.swift */ = {isa = PBXFileReference; lastKnownFileType = sourcecode.swift; path = RealmCRUDModel.swift; sourceTree = "<group>"; };
		54F05BA526E7944B002E245F /* Alert.swift */ = {isa = PBXFileReference; lastKnownFileType = sourcecode.swift; path = Alert.swift; sourceTree = "<group>"; };
		54F05CEB270BF86D002E245F /* ConsentStatementViewController.swift */ = {isa = PBXFileReference; lastKnownFileType = sourcecode.swift; path = ConsentStatementViewController.swift; sourceTree = "<group>"; };
		54F05D312712C2BD002E245F /* GetCurrentLocationView.swift 15-39-55-116.swift */ = {isa = PBXFileReference; fileEncoding = 4; lastKnownFileType = sourcecode.swift; path = "GetCurrentLocationView.swift 15-39-55-116.swift"; sourceTree = "<group>"; };
		A922E51317C97B31FF0695E1 /* Pods-RealmCurrentLocation.debug.xcconfig */ = {isa = PBXFileReference; includeInIndex = 1; lastKnownFileType = text.xcconfig; name = "Pods-RealmCurrentLocation.debug.xcconfig"; path = "Target Support Files/Pods-RealmCurrentLocation/Pods-RealmCurrentLocation.debug.xcconfig"; sourceTree = "<group>"; };
		D65E0E881BC175FB482B8FD4 /* Pods_RealmCurrentLocation.framework */ = {isa = PBXFileReference; explicitFileType = wrapper.framework; includeInIndex = 0; path = Pods_RealmCurrentLocation.framework; sourceTree = BUILT_PRODUCTS_DIR; };
/* End PBXFileReference section */

/* Begin PBXFrameworksBuildPhase section */
		543BE53B26D8B1D20028AD50 /* Frameworks */ = {
			isa = PBXFrameworksBuildPhase;
			buildActionMask = 2147483647;
			files = (
				F211D1966EFD307454821822 /* Pods_RealmCurrentLocation.framework in Frameworks */,
			);
			runOnlyForDeploymentPostprocessing = 0;
		};
/* End PBXFrameworksBuildPhase section */

/* Begin PBXGroup section */
		21B7BB4193D509F24B865903 /* Frameworks */ = {
			isa = PBXGroup;
			children = (
				D65E0E881BC175FB482B8FD4 /* Pods_RealmCurrentLocation.framework */,
			);
			name = Frameworks;
			sourceTree = "<group>";
		};
		543BE53526D8B1D20028AD50 = {
			isa = PBXGroup;
			children = (
				543BE54026D8B1D20028AD50 /* RealmCurrentLocation */,
				543BE53F26D8B1D20028AD50 /* Products */,
				69A1E46325431FE0DECE7E25 /* Pods */,
				21B7BB4193D509F24B865903 /* Frameworks */,
			);
			sourceTree = "<group>";
		};
		543BE53F26D8B1D20028AD50 /* Products */ = {
			isa = PBXGroup;
			children = (
				543BE53E26D8B1D20028AD50 /* RealmCurrentLocation.app */,
			);
			name = Products;
			sourceTree = "<group>";
		};
		543BE54026D8B1D20028AD50 /* RealmCurrentLocation */ = {
			isa = PBXGroup;
			children = (
				543BE54126D8B1D20028AD50 /* AppDelegate.swift */,
				543BE54326D8B1D20028AD50 /* SceneDelegate.swift */,
				543BE55726D8B6CD0028AD50 /* Model */,
				543BE55626D8B6C60028AD50 /* View */,
				543BE55526D8B6BC0028AD50 /* Controller */,
				543BE54C26D8B1D30028AD50 /* LaunchScreen.storyboard */,
				543BE54F26D8B1D30028AD50 /* Info.plist */,
			);
			path = RealmCurrentLocation;
			sourceTree = "<group>";
		};
		543BE55526D8B6BC0028AD50 /* Controller */ = {
			isa = PBXGroup;
			children = (
				54F05CEB270BF86D002E245F /* ConsentStatementViewController.swift */,
				543BE55B26D912160028AD50 /* TabBarViewController.swift */,
				543BE54526D8B1D20028AD50 /* TopViewController.swift */,
				543BE55D26DB57EB0028AD50 /* SearchViewController.swift */,
			);
			path = Controller;
			sourceTree = "<group>";
		};
		543BE55626D8B6C60028AD50 /* View */ = {
			isa = PBXGroup;
			children = (
				543BE54726D8B1D20028AD50 /* Main.storyboard */,
				543BE54A26D8B1D30028AD50 /* Assets.xcassets */,
				543BE56B26DBB7F00028AD50 /* GetCurrentLocationView.xib */,
				54F05D312712C2BD002E245F /* GetCurrentLocationView.swift 15-39-55-116.swift */,
				547D5B55271B0CDA00120472 /* CellTapSearchResultView.xib */,
				547D5B54271B0CDA00120472 /* CellTapSearchResultView.swift */,
				543BE56D26DBB7FE0028AD50 /* PresentationModel.swift */,
				54F05BA526E7944B002E245F /* Alert.swift */,
				543BE55826D8C4380028AD50 /* Design */,
			);
			path = View;
			sourceTree = "<group>";
		};
		543BE55726D8B6CD0028AD50 /* Model */ = {
			isa = PBXGroup;
			children = (
				54D873D526DE561100C5B334 /* RealmCurrentDatas.swift */,
				54D873D726DE57A100C5B334 /* RealmCRUDModel.swift */,
			);
			path = Model;
			sourceTree = "<group>";
		};
		543BE55826D8C4380028AD50 /* Design */ = {
			isa = PBXGroup;
			children = (
				543BE55926D8C4A20028AD50 /* LayerFuncGroup.swift */,
			);
			path = Design;
			sourceTree = "<group>";
		};
		69A1E46325431FE0DECE7E25 /* Pods */ = {
			isa = PBXGroup;
			children = (
				A922E51317C97B31FF0695E1 /* Pods-RealmCurrentLocation.debug.xcconfig */,
				01AAEBCCBE677EC91483F4CC /* Pods-RealmCurrentLocation.release.xcconfig */,
			);
			path = Pods;
			sourceTree = "<group>";
		};
/* End PBXGroup section */

/* Begin PBXNativeTarget section */
		543BE53D26D8B1D20028AD50 /* RealmCurrentLocation */ = {
			isa = PBXNativeTarget;
			buildConfigurationList = 543BE55226D8B1D30028AD50 /* Build configuration list for PBXNativeTarget "RealmCurrentLocation" */;
			buildPhases = (
				23E6CABAFBF22B0E5EACDE9A /* [CP] Check Pods Manifest.lock */,
				543BE53A26D8B1D20028AD50 /* Sources */,
				543BE53B26D8B1D20028AD50 /* Frameworks */,
				543BE53C26D8B1D20028AD50 /* Resources */,
				F3EEE5586BD2EE4EB939E56A /* [CP] Embed Pods Frameworks */,
			);
			buildRules = (
			);
			dependencies = (
			);
			name = RealmCurrentLocation;
			productName = RealmCurrentLocation;
			productReference = 543BE53E26D8B1D20028AD50 /* RealmCurrentLocation.app */;
			productType = "com.apple.product-type.application";
		};
/* End PBXNativeTarget section */

/* Begin PBXProject section */
		543BE53626D8B1D20028AD50 /* Project object */ = {
			isa = PBXProject;
			attributes = {
				LastSwiftUpdateCheck = 1250;
				LastUpgradeCheck = 1250;
				TargetAttributes = {
					543BE53D26D8B1D20028AD50 = {
						CreatedOnToolsVersion = 12.5;
					};
				};
			};
			buildConfigurationList = 543BE53926D8B1D20028AD50 /* Build configuration list for PBXProject "RealmCurrentLocation" */;
			compatibilityVersion = "Xcode 9.3";
			developmentRegion = en;
			hasScannedForEncodings = 0;
			knownRegions = (
				en,
				Base,
			);
			mainGroup = 543BE53526D8B1D20028AD50;
			productRefGroup = 543BE53F26D8B1D20028AD50 /* Products */;
			projectDirPath = "";
			projectRoot = "";
			targets = (
				543BE53D26D8B1D20028AD50 /* RealmCurrentLocation */,
			);
		};
/* End PBXProject section */

/* Begin PBXResourcesBuildPhase section */
		543BE53C26D8B1D20028AD50 /* Resources */ = {
			isa = PBXResourcesBuildPhase;
			buildActionMask = 2147483647;
			files = (
				543BE54E26D8B1D30028AD50 /* LaunchScreen.storyboard in Resources */,
				543BE56C26DBB7F00028AD50 /* GetCurrentLocationView.xib in Resources */,
				543BE54B26D8B1D30028AD50 /* Assets.xcassets in Resources */,
				547D5B57271B0CDA00120472 /* CellTapSearchResultView.xib in Resources */,
				543BE54926D8B1D20028AD50 /* Main.storyboard in Resources */,
			);
			runOnlyForDeploymentPostprocessing = 0;
		};
/* End PBXResourcesBuildPhase section */

/* Begin PBXShellScriptBuildPhase section */
		23E6CABAFBF22B0E5EACDE9A /* [CP] Check Pods Manifest.lock */ = {
			isa = PBXShellScriptBuildPhase;
			buildActionMask = 2147483647;
			files = (
			);
			inputFileListPaths = (
			);
			inputPaths = (
				"${PODS_PODFILE_DIR_PATH}/Podfile.lock",
				"${PODS_ROOT}/Manifest.lock",
			);
			name = "[CP] Check Pods Manifest.lock";
			outputFileListPaths = (
			);
			outputPaths = (
				"$(DERIVED_FILE_DIR)/Pods-RealmCurrentLocation-checkManifestLockResult.txt",
			);
			runOnlyForDeploymentPostprocessing = 0;
			shellPath = /bin/sh;
			shellScript = "diff \"${PODS_PODFILE_DIR_PATH}/Podfile.lock\" \"${PODS_ROOT}/Manifest.lock\" > /dev/null\nif [ $? != 0 ] ; then\n    # print error to STDERR\n    echo \"error: The sandbox is not in sync with the Podfile.lock. Run 'pod install' or update your CocoaPods installation.\" >&2\n    exit 1\nfi\n# This output is used by Xcode 'outputs' to avoid re-running this script phase.\necho \"SUCCESS\" > \"${SCRIPT_OUTPUT_FILE_0}\"\n";
			showEnvVarsInLog = 0;
		};
		F3EEE5586BD2EE4EB939E56A /* [CP] Embed Pods Frameworks */ = {
			isa = PBXShellScriptBuildPhase;
			buildActionMask = 2147483647;
			files = (
			);
			inputFileListPaths = (
				"${PODS_ROOT}/Target Support Files/Pods-RealmCurrentLocation/Pods-RealmCurrentLocation-frameworks-${CONFIGURATION}-input-files.xcfilelist",
			);
			name = "[CP] Embed Pods Frameworks";
			outputFileListPaths = (
				"${PODS_ROOT}/Target Support Files/Pods-RealmCurrentLocation/Pods-RealmCurrentLocation-frameworks-${CONFIGURATION}-output-files.xcfilelist",
			);
			runOnlyForDeploymentPostprocessing = 0;
			shellPath = /bin/sh;
			shellScript = "\"${PODS_ROOT}/Target Support Files/Pods-RealmCurrentLocation/Pods-RealmCurrentLocation-frameworks.sh\"\n";
			showEnvVarsInLog = 0;
		};
/* End PBXShellScriptBuildPhase section */

/* Begin PBXSourcesBuildPhase section */
		543BE53A26D8B1D20028AD50 /* Sources */ = {
			isa = PBXSourcesBuildPhase;
			buildActionMask = 2147483647;
			files = (
				54D873D626DE561100C5B334 /* RealmCurrentDatas.swift in Sources */,
				54F05CEC270BF86D002E245F /* ConsentStatementViewController.swift in Sources */,
				543BE55E26DB57EB0028AD50 /* SearchViewController.swift in Sources */,
				543BE54626D8B1D20028AD50 /* TopViewController.swift in Sources */,
				543BE55A26D8C4A20028AD50 /* LayerFuncGroup.swift in Sources */,
				543BE56E26DBB7FE0028AD50 /* PresentationModel.swift in Sources */,
				543BE54226D8B1D20028AD50 /* AppDelegate.swift in Sources */,
				543BE55C26D912160028AD50 /* TabBarViewController.swift in Sources */,
				54F05BA626E7944B002E245F /* Alert.swift in Sources */,
				543BE54426D8B1D20028AD50 /* SceneDelegate.swift in Sources */,
				547D5B56271B0CDA00120472 /* CellTapSearchResultView.swift in Sources */,
				54D873D826DE57A100C5B334 /* RealmCRUDModel.swift in Sources */,
				54F05D322712C2BD002E245F /* GetCurrentLocationView.swift 15-39-55-116.swift in Sources */,
			);
			runOnlyForDeploymentPostprocessing = 0;
		};
/* End PBXSourcesBuildPhase section */

/* Begin PBXVariantGroup section */
		543BE54726D8B1D20028AD50 /* Main.storyboard */ = {
			isa = PBXVariantGroup;
			children = (
				543BE54826D8B1D20028AD50 /* Base */,
			);
			name = Main.storyboard;
			sourceTree = "<group>";
		};
		543BE54C26D8B1D30028AD50 /* LaunchScreen.storyboard */ = {
			isa = PBXVariantGroup;
			children = (
				543BE54D26D8B1D30028AD50 /* Base */,
			);
			name = LaunchScreen.storyboard;
			sourceTree = "<group>";
		};
/* End PBXVariantGroup section */

/* Begin XCBuildConfiguration section */
		543BE55026D8B1D30028AD50 /* Debug */ = {
			isa = XCBuildConfiguration;
			buildSettings = {
				ALWAYS_SEARCH_USER_PATHS = NO;
				CLANG_ANALYZER_NONNULL = YES;
				CLANG_ANALYZER_NUMBER_OBJECT_CONVERSION = YES_AGGRESSIVE;
				CLANG_CXX_LANGUAGE_STANDARD = "gnu++14";
				CLANG_CXX_LIBRARY = "libc++";
				CLANG_ENABLE_MODULES = YES;
				CLANG_ENABLE_OBJC_ARC = YES;
				CLANG_ENABLE_OBJC_WEAK = YES;
				CLANG_WARN_BLOCK_CAPTURE_AUTORELEASING = YES;
				CLANG_WARN_BOOL_CONVERSION = YES;
				CLANG_WARN_COMMA = YES;
				CLANG_WARN_CONSTANT_CONVERSION = YES;
				CLANG_WARN_DEPRECATED_OBJC_IMPLEMENTATIONS = YES;
				CLANG_WARN_DIRECT_OBJC_ISA_USAGE = YES_ERROR;
				CLANG_WARN_DOCUMENTATION_COMMENTS = YES;
				CLANG_WARN_EMPTY_BODY = YES;
				CLANG_WARN_ENUM_CONVERSION = YES;
				CLANG_WARN_INFINITE_RECURSION = YES;
				CLANG_WARN_INT_CONVERSION = YES;
				CLANG_WARN_NON_LITERAL_NULL_CONVERSION = YES;
				CLANG_WARN_OBJC_IMPLICIT_RETAIN_SELF = YES;
				CLANG_WARN_OBJC_LITERAL_CONVERSION = YES;
				CLANG_WARN_OBJC_ROOT_CLASS = YES_ERROR;
				CLANG_WARN_QUOTED_INCLUDE_IN_FRAMEWORK_HEADER = YES;
				CLANG_WARN_RANGE_LOOP_ANALYSIS = YES;
				CLANG_WARN_STRICT_PROTOTYPES = YES;
				CLANG_WARN_SUSPICIOUS_MOVE = YES;
				CLANG_WARN_UNGUARDED_AVAILABILITY = YES_AGGRESSIVE;
				CLANG_WARN_UNREACHABLE_CODE = YES;
				CLANG_WARN__DUPLICATE_METHOD_MATCH = YES;
				COPY_PHASE_STRIP = NO;
				DEBUG_INFORMATION_FORMAT = dwarf;
				ENABLE_STRICT_OBJC_MSGSEND = YES;
				ENABLE_TESTABILITY = YES;
				GCC_C_LANGUAGE_STANDARD = gnu11;
				GCC_DYNAMIC_NO_PIC = NO;
				GCC_NO_COMMON_BLOCKS = YES;
				GCC_OPTIMIZATION_LEVEL = 0;
				GCC_PREPROCESSOR_DEFINITIONS = (
					"DEBUG=1",
					"$(inherited)",
				);
				GCC_WARN_64_TO_32_BIT_CONVERSION = YES;
				GCC_WARN_ABOUT_RETURN_TYPE = YES_ERROR;
				GCC_WARN_UNDECLARED_SELECTOR = YES;
				GCC_WARN_UNINITIALIZED_AUTOS = YES_AGGRESSIVE;
				GCC_WARN_UNUSED_FUNCTION = YES;
				GCC_WARN_UNUSED_VARIABLE = YES;
				IPHONEOS_DEPLOYMENT_TARGET = 14.5;
				MTL_ENABLE_DEBUG_INFO = INCLUDE_SOURCE;
				MTL_FAST_MATH = YES;
				ONLY_ACTIVE_ARCH = YES;
				SDKROOT = iphoneos;
				SWIFT_ACTIVE_COMPILATION_CONDITIONS = DEBUG;
				SWIFT_OPTIMIZATION_LEVEL = "-Onone";
			};
			name = Debug;
		};
		543BE55126D8B1D30028AD50 /* Release */ = {
			isa = XCBuildConfiguration;
			buildSettings = {
				ALWAYS_SEARCH_USER_PATHS = NO;
				CLANG_ANALYZER_NONNULL = YES;
				CLANG_ANALYZER_NUMBER_OBJECT_CONVERSION = YES_AGGRESSIVE;
				CLANG_CXX_LANGUAGE_STANDARD = "gnu++14";
				CLANG_CXX_LIBRARY = "libc++";
				CLANG_ENABLE_MODULES = YES;
				CLANG_ENABLE_OBJC_ARC = YES;
				CLANG_ENABLE_OBJC_WEAK = YES;
				CLANG_WARN_BLOCK_CAPTURE_AUTORELEASING = YES;
				CLANG_WARN_BOOL_CONVERSION = YES;
				CLANG_WARN_COMMA = YES;
				CLANG_WARN_CONSTANT_CONVERSION = YES;
				CLANG_WARN_DEPRECATED_OBJC_IMPLEMENTATIONS = YES;
				CLANG_WARN_DIRECT_OBJC_ISA_USAGE = YES_ERROR;
				CLANG_WARN_DOCUMENTATION_COMMENTS = YES;
				CLANG_WARN_EMPTY_BODY = YES;
				CLANG_WARN_ENUM_CONVERSION = YES;
				CLANG_WARN_INFINITE_RECURSION = YES;
				CLANG_WARN_INT_CONVERSION = YES;
				CLANG_WARN_NON_LITERAL_NULL_CONVERSION = YES;
				CLANG_WARN_OBJC_IMPLICIT_RETAIN_SELF = YES;
				CLANG_WARN_OBJC_LITERAL_CONVERSION = YES;
				CLANG_WARN_OBJC_ROOT_CLASS = YES_ERROR;
				CLANG_WARN_QUOTED_INCLUDE_IN_FRAMEWORK_HEADER = YES;
				CLANG_WARN_RANGE_LOOP_ANALYSIS = YES;
				CLANG_WARN_STRICT_PROTOTYPES = YES;
				CLANG_WARN_SUSPICIOUS_MOVE = YES;
				CLANG_WARN_UNGUARDED_AVAILABILITY = YES_AGGRESSIVE;
				CLANG_WARN_UNREACHABLE_CODE = YES;
				CLANG_WARN__DUPLICATE_METHOD_MATCH = YES;
				COPY_PHASE_STRIP = NO;
				DEBUG_INFORMATION_FORMAT = "dwarf-with-dsym";
				ENABLE_NS_ASSERTIONS = NO;
				ENABLE_STRICT_OBJC_MSGSEND = YES;
				GCC_C_LANGUAGE_STANDARD = gnu11;
				GCC_NO_COMMON_BLOCKS = YES;
				GCC_WARN_64_TO_32_BIT_CONVERSION = YES;
				GCC_WARN_ABOUT_RETURN_TYPE = YES_ERROR;
				GCC_WARN_UNDECLARED_SELECTOR = YES;
				GCC_WARN_UNINITIALIZED_AUTOS = YES_AGGRESSIVE;
				GCC_WARN_UNUSED_FUNCTION = YES;
				GCC_WARN_UNUSED_VARIABLE = YES;
				IPHONEOS_DEPLOYMENT_TARGET = 14.5;
				MTL_ENABLE_DEBUG_INFO = NO;
				MTL_FAST_MATH = YES;
				SDKROOT = iphoneos;
				SWIFT_COMPILATION_MODE = wholemodule;
				SWIFT_OPTIMIZATION_LEVEL = "-O";
				VALIDATE_PRODUCT = YES;
			};
			name = Release;
		};
		543BE55326D8B1D30028AD50 /* Debug */ = {
			isa = XCBuildConfiguration;
			baseConfigurationReference = A922E51317C97B31FF0695E1 /* Pods-RealmCurrentLocation.debug.xcconfig */;
			buildSettings = {
				ASSETCATALOG_COMPILER_APPICON_NAME = AppIcon;
				ASSETCATALOG_COMPILER_GLOBAL_ACCENT_COLOR_NAME = AccentColor;
				CODE_SIGN_STYLE = Automatic;
				INFOPLIST_FILE = RealmCurrentLocation/Info.plist;
				LD_RUNPATH_SEARCH_PATHS = (
					"$(inherited)",
					"@executable_path/Frameworks",
				);
				PRODUCT_BUNDLE_IDENTIFIER = com.CurrentLocation.RealmCurrentLocation;
				PRODUCT_NAME = "$(TARGET_NAME)";
				SWIFT_VERSION = 5.0;
				TARGETED_DEVICE_FAMILY = 1;
			};
			name = Debug;
		};
		543BE55426D8B1D30028AD50 /* Release */ = {
			isa = XCBuildConfiguration;
			baseConfigurationReference = 01AAEBCCBE677EC91483F4CC /* Pods-RealmCurrentLocation.release.xcconfig */;
			buildSettings = {
				ASSETCATALOG_COMPILER_APPICON_NAME = AppIcon;
				ASSETCATALOG_COMPILER_GLOBAL_ACCENT_COLOR_NAME = AccentColor;
				CODE_SIGN_STYLE = Automatic;
				INFOPLIST_FILE = RealmCurrentLocation/Info.plist;
				LD_RUNPATH_SEARCH_PATHS = (
					"$(inherited)",
					"@executable_path/Frameworks",
				);
				PRODUCT_BUNDLE_IDENTIFIER = com.CurrentLocation.RealmCurrentLocation;
				PRODUCT_NAME = "$(TARGET_NAME)";
				SWIFT_VERSION = 5.0;
				TARGETED_DEVICE_FAMILY = 1;
			};
			name = Release;
		};
/* End XCBuildConfiguration section */

/* Begin XCConfigurationList section */
		543BE53926D8B1D20028AD50 /* Build configuration list for PBXProject "RealmCurrentLocation" */ = {
			isa = XCConfigurationList;
			buildConfigurations = (
				543BE55026D8B1D30028AD50 /* Debug */,
				543BE55126D8B1D30028AD50 /* Release */,
			);
			defaultConfigurationIsVisible = 0;
			defaultConfigurationName = Release;
		};
		543BE55226D8B1D30028AD50 /* Build configuration list for PBXNativeTarget "RealmCurrentLocation" */ = {
			isa = XCConfigurationList;
			buildConfigurations = (
				543BE55326D8B1D30028AD50 /* Debug */,
				543BE55426D8B1D30028AD50 /* Release */,
			);
			defaultConfigurationIsVisible = 0;
			defaultConfigurationName = Release;
		};
/* End XCConfigurationList section */
	};
	rootObject = 543BE53626D8B1D20028AD50 /* Project object */;
}
